
Microsoft Visual Studio Solution File, Format Version 12.00
# Visual Studio Version 17
VisualStudioVersion = 17.4.33205.214
MinimumVisualStudioVersion = 10.0.40219.1
Project("{FAE04EC0-301F-11D3-BF4B-00C04F79EFBC}") = "GeoMapGameLabor3", "GeoMapGameLabor3.csproj", "{D9298985-A453-46ED-A8A7-717CD4DE08DC}"
EndProject
Global
	GlobalSection(SolutionConfigurationPlatforms) = preSolution
		Debug|Any CPU = Debug|Any CPU
		Release|Any CPU = Release|Any CPU
	EndGlobalSection
	GlobalSection(ProjectConfigurationPlatforms) = postSolution
		{D9298985-A453-46ED-A8A7-717CD4DE08DC}.Debug|Any CPU.ActiveCfg = Debug|Any CPU
		{D9298985-A453-46ED-A8A7-717CD4DE08DC}.Debug|Any CPU.Build.0 = Debug|Any CPU
		{D9298985-A453-46ED-A8A7-717CD4DE08DC}.Release|Any CPU.ActiveCfg = Release|Any CPU
		{D9298985-A453-46ED-A8A7-717CD4DE08DC}.Release|Any CPU.Build.0 = Release|Any CPU
	EndGlobalSection
	GlobalSection(SolutionProperties) = preSolution
		HideSolutionNode = FALSE
	EndGlobalSection
	GlobalSection(ExtensibilityGlobals) = postSolution
		SolutionGuid = {8A97F426-0BC1-4F35-826E-C7FC661CC468}
	EndGlobalSection
EndGlobal
